
Microsoft Visual Studio Solution File, Format Version 12.00
# Visual Studio Version 17
VisualStudioVersion = 17.12.35514.174
MinimumVisualStudioVersion = 10.0.40219.1
Project("{2150E333-8FDC-42A3-9474-1A3956D46DE8}") = "Presentation", "Presentation", "{BF3EBEEF-8C3F-4D24-915E-21C654B392DD}"
EndProject
Project("{2150E333-8FDC-42A3-9474-1A3956D46DE8}") = "src", "src", "{98C9E233-3FAE-4BCF-8DF1-6FC01DCCB776}"
EndProject
Project("{FAE04EC0-301F-11D3-BF4B-00C04F79EFBC}") = "Alexandria.WebApi", "src\Presentation\Alexandria.WebApi\Alexandria.WebApi.csproj", "{AD2CFF1E-D9E2-4144-A400-242B60DE77CC}"
EndProject
Project("{2150E333-8FDC-42A3-9474-1A3956D46DE8}") = "test", "test", "{E9386FA2-8440-47A0-B3AA-D3C67A600298}"
EndProject
Project("{2150E333-8FDC-42A3-9474-1A3956D46DE8}") = "Workbenchs", "Workbenchs", "{BC6DDCE0-E3CC-451D-B43F-ECF99B5A1984}"
EndProject
Project("{2150E333-8FDC-42A3-9474-1A3956D46DE8}") = "Solution Items", "Solution Items", "{76367A7E-1C16-4A74-A1DB-A81E54F8A67D}"
	ProjectSection(SolutionItems) = preProject
		.editorconfig = .editorconfig
		.gitignore = .gitignore
		Directory.Build.props = Directory.Build.props
		Directory.Packages.props = Directory.Packages.props
		.config\dotnet-tools.json = .config\dotnet-tools.json
		global.json = global.json
	EndProjectSection
EndProject
Project("{2150E333-8FDC-42A3-9474-1A3956D46DE8}") = "UnitTests", "UnitTests", "{E3ED0135-D1EE-4116-9372-3361D12A5DF8}"
EndProject
Project("{FAE04EC0-301F-11D3-BF4B-00C04F79EFBC}") = "Alexandria.WebApi.Workbench", "test\Workbenchs\Alexandria.WebApi.Workbench.csproj", "{43376B13-E170-4F02-AE27-573A817786ED}"
EndProject
Project("{2150E333-8FDC-42A3-9474-1A3956D46DE8}") = "aspire", "aspire", "{EB27E2CC-0707-4A73-A1F8-2E7C4004B4FC}"
EndProject
Project("{FAE04EC0-301F-11D3-BF4B-00C04F79EFBC}") = "ServiceDefaults", "aspire\ServiceDefaults\ServiceDefaults.csproj", "{715547F3-BE75-4245-B7E3-E563018C94D0}"
EndProject
Project("{FAE04EC0-301F-11D3-BF4B-00C04F79EFBC}") = "AppHost", "aspire\AppHost\AppHost.csproj", "{0BA2A6E2-B27C-41F3-9A31-2EF73D5BD307}"
EndProject
Project("{2150E333-8FDC-42A3-9474-1A3956D46DE8}") = "Commons", "Commons", "{EC4DC049-6886-471B-B02C-A9FA1EBC5740}"
EndProject
Project("{FAE04EC0-301F-11D3-BF4B-00C04F79EFBC}") = "WellKnowns", "src\Commons\WellKnowns\WellKnowns.csproj", "{3DF6E6EE-F0D4-4257-A480-938289903DA2}"
EndProject
Project("{2150E333-8FDC-42A3-9474-1A3956D46DE8}") = "Infrastructure", "Infrastructure", "{0DDEEF4A-9FFD-452B-9D45-625847711E64}"
EndProject
Project("{FAE04EC0-301F-11D3-BF4B-00C04F79EFBC}") = "Alexandria.Persistence", "src\Infrastructure\Alexandria.Persistence\Alexandria.Persistence.csproj", "{5528E985-E2A1-43D1-B419-A8BDA2A1BC8C}"
EndProject
Project("{FAE04EC0-301F-11D3-BF4B-00C04F79EFBC}") = "Alexandria.SociableTests", "test\UnitTests\Alexandria.SociableTests\Alexandria.SociableTests.csproj", "{1E788AA3-2EAC-42A3-88E9-EF3EC8E73EBE}"
EndProject
Project("{2150E333-8FDC-42A3-9474-1A3956D46DE8}") = "Domain", "Domain", "{B2DB9636-6BB0-40E0-BEA1-A166B78DE1CA}"
EndProject
Project("{2150E333-8FDC-42A3-9474-1A3956D46DE8}") = "Application", "Application", "{7F4F5EC4-DDB4-48A7-A175-F6B7473359AD}"
EndProject
Project("{FAE04EC0-301F-11D3-BF4B-00C04F79EFBC}") = "Alexandria.Domain", "src\Domain\Alexandria.Domain\Alexandria.Domain.csproj", "{C4E47690-A1E9-41FB-B26D-F6CD4BB06964}"
EndProject
Project("{FAE04EC0-301F-11D3-BF4B-00C04F79EFBC}") = "Alexandria.Application", "src\Application\Alexandria.Application\Alexandria.Application.csproj", "{AF647C62-C856-429F-9E9D-245158A8448A}"
EndProject
Project("{FAE04EC0-301F-11D3-BF4B-00C04F79EFBC}") = "Alexandria.Application.Abstractions", "src\Application\Alexandria.Application.Abstractions\Alexandria.Application.Abstractions.csproj", "{747E0B01-8FCE-4CA2-99F2-42C411626EB4}"
EndProject
Project("{FAE04EC0-301F-11D3-BF4B-00C04F79EFBC}") = "Alexandria.WebApi.Client", "src\Commons\Alexandria.WebApi.Client\Alexandria.WebApi.Client.csproj", "{D0B8B135-D89B-40F4-9118-CE56F5AB743D}"
	ProjectSection(ProjectDependencies) = postProject
		{AD2CFF1E-D9E2-4144-A400-242B60DE77CC} = {AD2CFF1E-D9E2-4144-A400-242B60DE77CC}
	EndProjectSection
EndProject
Project("{2150E333-8FDC-42A3-9474-1A3956D46DE8}") = "IntegrationTests", "IntegrationTests", "{E2797F65-0422-4979-8164-D644CF676CC4}"
EndProject
Project("{FAE04EC0-301F-11D3-BF4B-00C04F79EFBC}") = "Alexandria.Local.IntegrationTests", "test\IntegrationTests\Alexandria.Local.IntegrationTests\Alexandria.Local.IntegrationTests.csproj", "{181B9946-93AE-431A-9D1B-ABB575799166}"
EndProject
Global
	GlobalSection(SolutionConfigurationPlatforms) = preSolution
		Debug|Any CPU = Debug|Any CPU
		Release|Any CPU = Release|Any CPU
	EndGlobalSection
	GlobalSection(ProjectConfigurationPlatforms) = postSolution
		{AD2CFF1E-D9E2-4144-A400-242B60DE77CC}.Debug|Any CPU.ActiveCfg = Debug|Any CPU
		{AD2CFF1E-D9E2-4144-A400-242B60DE77CC}.Debug|Any CPU.Build.0 = Debug|Any CPU
		{AD2CFF1E-D9E2-4144-A400-242B60DE77CC}.Release|Any CPU.ActiveCfg = Release|Any CPU
		{AD2CFF1E-D9E2-4144-A400-242B60DE77CC}.Release|Any CPU.Build.0 = Release|Any CPU
		{43376B13-E170-4F02-AE27-573A817786ED}.Debug|Any CPU.ActiveCfg = Debug|Any CPU
		{43376B13-E170-4F02-AE27-573A817786ED}.Debug|Any CPU.Build.0 = Debug|Any CPU
		{43376B13-E170-4F02-AE27-573A817786ED}.Release|Any CPU.ActiveCfg = Release|Any CPU
		{43376B13-E170-4F02-AE27-573A817786ED}.Release|Any CPU.Build.0 = Release|Any CPU
		{715547F3-BE75-4245-B7E3-E563018C94D0}.Debug|Any CPU.ActiveCfg = Debug|Any CPU
		{715547F3-BE75-4245-B7E3-E563018C94D0}.Debug|Any CPU.Build.0 = Debug|Any CPU
		{715547F3-BE75-4245-B7E3-E563018C94D0}.Release|Any CPU.ActiveCfg = Release|Any CPU
		{715547F3-BE75-4245-B7E3-E563018C94D0}.Release|Any CPU.Build.0 = Release|Any CPU
		{0BA2A6E2-B27C-41F3-9A31-2EF73D5BD307}.Debug|Any CPU.ActiveCfg = Debug|Any CPU
		{0BA2A6E2-B27C-41F3-9A31-2EF73D5BD307}.Debug|Any CPU.Build.0 = Debug|Any CPU
		{0BA2A6E2-B27C-41F3-9A31-2EF73D5BD307}.Release|Any CPU.ActiveCfg = Release|Any CPU
		{0BA2A6E2-B27C-41F3-9A31-2EF73D5BD307}.Release|Any CPU.Build.0 = Release|Any CPU
		{3DF6E6EE-F0D4-4257-A480-938289903DA2}.Debug|Any CPU.ActiveCfg = Debug|Any CPU
		{3DF6E6EE-F0D4-4257-A480-938289903DA2}.Debug|Any CPU.Build.0 = Debug|Any CPU
		{3DF6E6EE-F0D4-4257-A480-938289903DA2}.Release|Any CPU.ActiveCfg = Release|Any CPU
		{3DF6E6EE-F0D4-4257-A480-938289903DA2}.Release|Any CPU.Build.0 = Release|Any CPU
		{5528E985-E2A1-43D1-B419-A8BDA2A1BC8C}.Debug|Any CPU.ActiveCfg = Debug|Any CPU
		{5528E985-E2A1-43D1-B419-A8BDA2A1BC8C}.Debug|Any CPU.Build.0 = Debug|Any CPU
		{5528E985-E2A1-43D1-B419-A8BDA2A1BC8C}.Release|Any CPU.ActiveCfg = Release|Any CPU
		{5528E985-E2A1-43D1-B419-A8BDA2A1BC8C}.Release|Any CPU.Build.0 = Release|Any CPU
		{1E788AA3-2EAC-42A3-88E9-EF3EC8E73EBE}.Debug|Any CPU.ActiveCfg = Debug|Any CPU
		{1E788AA3-2EAC-42A3-88E9-EF3EC8E73EBE}.Debug|Any CPU.Build.0 = Debug|Any CPU
		{1E788AA3-2EAC-42A3-88E9-EF3EC8E73EBE}.Release|Any CPU.ActiveCfg = Release|Any CPU
		{1E788AA3-2EAC-42A3-88E9-EF3EC8E73EBE}.Release|Any CPU.Build.0 = Release|Any CPU
		{C4E47690-A1E9-41FB-B26D-F6CD4BB06964}.Debug|Any CPU.ActiveCfg = Debug|Any CPU
		{C4E47690-A1E9-41FB-B26D-F6CD4BB06964}.Debug|Any CPU.Build.0 = Debug|Any CPU
		{C4E47690-A1E9-41FB-B26D-F6CD4BB06964}.Release|Any CPU.ActiveCfg = Release|Any CPU
		{C4E47690-A1E9-41FB-B26D-F6CD4BB06964}.Release|Any CPU.Build.0 = Release|Any CPU
		{AF647C62-C856-429F-9E9D-245158A8448A}.Debug|Any CPU.ActiveCfg = Debug|Any CPU
		{AF647C62-C856-429F-9E9D-245158A8448A}.Debug|Any CPU.Build.0 = Debug|Any CPU
		{AF647C62-C856-429F-9E9D-245158A8448A}.Release|Any CPU.ActiveCfg = Release|Any CPU
		{AF647C62-C856-429F-9E9D-245158A8448A}.Release|Any CPU.Build.0 = Release|Any CPU
		{747E0B01-8FCE-4CA2-99F2-42C411626EB4}.Debug|Any CPU.ActiveCfg = Debug|Any CPU
		{747E0B01-8FCE-4CA2-99F2-42C411626EB4}.Debug|Any CPU.Build.0 = Debug|Any CPU
		{747E0B01-8FCE-4CA2-99F2-42C411626EB4}.Release|Any CPU.ActiveCfg = Release|Any CPU
		{747E0B01-8FCE-4CA2-99F2-42C411626EB4}.Release|Any CPU.Build.0 = Release|Any CPU
		{D0B8B135-D89B-40F4-9118-CE56F5AB743D}.Debug|Any CPU.ActiveCfg = Debug|Any CPU
		{D0B8B135-D89B-40F4-9118-CE56F5AB743D}.Debug|Any CPU.Build.0 = Debug|Any CPU
		{D0B8B135-D89B-40F4-9118-CE56F5AB743D}.Release|Any CPU.ActiveCfg = Release|Any CPU
		{D0B8B135-D89B-40F4-9118-CE56F5AB743D}.Release|Any CPU.Build.0 = Release|Any CPU
		{181B9946-93AE-431A-9D1B-ABB575799166}.Debug|Any CPU.ActiveCfg = Debug|Any CPU
		{181B9946-93AE-431A-9D1B-ABB575799166}.Debug|Any CPU.Build.0 = Debug|Any CPU
		{181B9946-93AE-431A-9D1B-ABB575799166}.Release|Any CPU.ActiveCfg = Release|Any CPU
		{181B9946-93AE-431A-9D1B-ABB575799166}.Release|Any CPU.Build.0 = Release|Any CPU
	EndGlobalSection
	GlobalSection(SolutionProperties) = preSolution
		HideSolutionNode = FALSE
	EndGlobalSection
	GlobalSection(NestedProjects) = preSolution
		{BF3EBEEF-8C3F-4D24-915E-21C654B392DD} = {98C9E233-3FAE-4BCF-8DF1-6FC01DCCB776}
		{AD2CFF1E-D9E2-4144-A400-242B60DE77CC} = {BF3EBEEF-8C3F-4D24-915E-21C654B392DD}
		{BC6DDCE0-E3CC-451D-B43F-ECF99B5A1984} = {E9386FA2-8440-47A0-B3AA-D3C67A600298}
		{E3ED0135-D1EE-4116-9372-3361D12A5DF8} = {E9386FA2-8440-47A0-B3AA-D3C67A600298}
		{43376B13-E170-4F02-AE27-573A817786ED} = {BC6DDCE0-E3CC-451D-B43F-ECF99B5A1984}
		{715547F3-BE75-4245-B7E3-E563018C94D0} = {EB27E2CC-0707-4A73-A1F8-2E7C4004B4FC}
		{0BA2A6E2-B27C-41F3-9A31-2EF73D5BD307} = {EB27E2CC-0707-4A73-A1F8-2E7C4004B4FC}
		{EC4DC049-6886-471B-B02C-A9FA1EBC5740} = {98C9E233-3FAE-4BCF-8DF1-6FC01DCCB776}
		{3DF6E6EE-F0D4-4257-A480-938289903DA2} = {EC4DC049-6886-471B-B02C-A9FA1EBC5740}
		{0DDEEF4A-9FFD-452B-9D45-625847711E64} = {98C9E233-3FAE-4BCF-8DF1-6FC01DCCB776}
		{5528E985-E2A1-43D1-B419-A8BDA2A1BC8C} = {0DDEEF4A-9FFD-452B-9D45-625847711E64}
		{1E788AA3-2EAC-42A3-88E9-EF3EC8E73EBE} = {E3ED0135-D1EE-4116-9372-3361D12A5DF8}
		{B2DB9636-6BB0-40E0-BEA1-A166B78DE1CA} = {98C9E233-3FAE-4BCF-8DF1-6FC01DCCB776}
		{7F4F5EC4-DDB4-48A7-A175-F6B7473359AD} = {98C9E233-3FAE-4BCF-8DF1-6FC01DCCB776}
		{C4E47690-A1E9-41FB-B26D-F6CD4BB06964} = {B2DB9636-6BB0-40E0-BEA1-A166B78DE1CA}
		{AF647C62-C856-429F-9E9D-245158A8448A} = {7F4F5EC4-DDB4-48A7-A175-F6B7473359AD}
		{747E0B01-8FCE-4CA2-99F2-42C411626EB4} = {7F4F5EC4-DDB4-48A7-A175-F6B7473359AD}
		{D0B8B135-D89B-40F4-9118-CE56F5AB743D} = {EC4DC049-6886-471B-B02C-A9FA1EBC5740}
		{E2797F65-0422-4979-8164-D644CF676CC4} = {E9386FA2-8440-47A0-B3AA-D3C67A600298}
		{181B9946-93AE-431A-9D1B-ABB575799166} = {E2797F65-0422-4979-8164-D644CF676CC4}
	EndGlobalSection
EndGlobal
